Microsoft Visual Studio Solution File, Format Version 12.00
# Visual Studio Version 17
VisualStudioVersion = 17.5.2.0
MinimumVisualStudioVersion = 10.0.40219.1
Project("{2150E333-8FDC-42A3-9474-1A3956D46DE8}") = "src", "src", "{827E0CD3-B72D-47B6-A68D-7590B98EB39B}"
EndProject
Project("{2150E333-8FDC-42A3-9474-1A3956D46DE8}") = "tests", "tests", "{0AB3BF05-4346-4AA6-1389-037BE0695223}"
EndProject
Project("{FAE04EC0-301F-11D3-BF4B-00C04F79EFBC}") = "ContactBook", "src\ContactBook\ContactBook.csproj", "{BBA8E0D1-1CFD-3775-ABC4-C7C5D92F907B}"
EndProject
Project("{2150E333-8FDC-42A3-9474-1A3956D46DE8}") = "ContactBook.Test", "ContactBook.Test", "{16152E3F-25F9-3E6B-8A54-363239D348AD}"
EndProject
Project("{FAE04EC0-301F-11D3-BF4B-00C04F79EFBC}") = "ContactBook.Test", "tests\CpntactBook.Test\ContactBook.Test.csproj", "{2DC9B87B-3F98-335A-8E8A-1D73B4238162}"
EndProject
Global
	GlobalSection(SolutionConfigurationPlatforms) = preSolution
		Debug|Any CPU = Debug|Any CPU
		Release|Any CPU = Release|Any CPU
	EndGlobalSection
	GlobalSection(ProjectConfigurationPlatforms) = postSolution
		{BBA8E0D1-1CFD-3775-ABC4-C7C5D92F907B}.Debug|Any CPU.ActiveCfg = Debug|Any CPU
		{BBA8E0D1-1CFD-3775-ABC4-C7C5D92F907B}.Debug|Any CPU.Build.0 = Debug|Any CPU
		{BBA8E0D1-1CFD-3775-ABC4-C7C5D92F907B}.Release|Any CPU.ActiveCfg = Release|Any CPU
		{BBA8E0D1-1CFD-3775-ABC4-C7C5D92F907B}.Release|Any CPU.Build.0 = Release|Any CPU
		{2DC9B87B-3F98-335A-8E8A-1D73B4238162}.Debug|Any CPU.ActiveCfg = Debug|Any CPU
		{2DC9B87B-3F98-335A-8E8A-1D73B4238162}.Debug|Any CPU.Build.0 = Debug|Any CPU
		{2DC9B87B-3F98-335A-8E8A-1D73B4238162}.Release|Any CPU.ActiveCfg = Release|Any CPU
		{2DC9B87B-3F98-335A-8E8A-1D73B4238162}.Release|Any CPU.Build.0 = Release|Any CPU
	EndGlobalSection
	GlobalSection(SolutionProperties) = preSolution
		HideSolutionNode = FALSE
	EndGlobalSection
	GlobalSection(NestedProjects) = preSolution
		{BBA8E0D1-1CFD-3775-ABC4-C7C5D92F907B} = {827E0CD3-B72D-47B6-A68D-7590B98EB39B}
		{16152E3F-25F9-3E6B-8A54-363239D348AD} = {0AB3BF05-4346-4AA6-1389-037BE0695223}
		{2DC9B87B-3F98-335A-8E8A-1D73B4238162} = {16152E3F-25F9-3E6B-8A54-363239D348AD}
	EndGlobalSection
	GlobalSection(ExtensibilityGlobals) = postSolution
		SolutionGuid = {3CF3B731-E3B4-44CE-8E36-4B6F455BD508}
	EndGlobalSection
EndGlobal
